// !$*UTF8*$!
{
	archiveVersion = 1;
	classes = {
	};
	objectVersion = 50;
	objects = {

/* Begin PBXBuildFile section */
		630183D1248BB89F00127343 /* AppDelegate.swift in Sources */ = {isa = PBXBuildFile; fileRef = 630183D0248BB89F00127343 /* AppDelegate.swift */; };
		630183D3248BB89F00127343 /* SceneDelegate.swift in Sources */ = {isa = PBXBuildFile; fileRef = 630183D2248BB89F00127343 /* SceneDelegate.swift */; };
		630183D5248BB89F00127343 /* ViewController.swift in Sources */ = {isa = PBXBuildFile; fileRef = 630183D4248BB89F00127343 /* ViewController.swift */; };
		630183D8248BB89F00127343 /* Main.storyboard in Resources */ = {isa = PBXBuildFile; fileRef = 630183D6248BB89F00127343 /* Main.storyboard */; };
		630183DA248BB8A000127343 /* Assets.xcassets in Resources */ = {isa = PBXBuildFile; fileRef = 630183D9248BB8A000127343 /* Assets.xcassets */; };
		630183DD248BB8A000127343 /* LaunchScreen.storyboard in Resources */ = {isa = PBXBuildFile; fileRef = 630183DB248BB8A000127343 /* LaunchScreen.storyboard */; };
		63C61D77248CC3F0003EBE29 /* CustomButton.swift in Sources */ = {isa = PBXBuildFile; fileRef = 63C61D76248CC3F0003EBE29 /* CustomButton.swift */; };
		63E5BA1E248BD0E4004FC3CA /* screenshot.png in Resources */ = {isa = PBXBuildFile; fileRef = 63E5BA1D248BD0E4004FC3CA /* screenshot.png */; };
/* End PBXBuildFile section */

/* Begin PBXFileReference section */
		630183CD248BB89F00127343 /* NSLayout.app */ = {isa = PBXFileReference; explicitFileType = wrapper.application; includeInIndex = 0; path = NSLayout.app; sourceTree = BUILT_PRODUCTS_DIR; };
		630183D0248BB89F00127343 /* AppDelegate.swift */ = {isa = PBXFileReference; lastKnownFileType = sourcecode.swift; path = AppDelegate.swift; sourceTree = "<group>"; };
		630183D2248BB89F00127343 /* SceneDelegate.swift */ = {isa = PBXFileReference; lastKnownFileType = sourcecode.swift; path = SceneDelegate.swift; sourceTree = "<group>"; };
		630183D4248BB89F00127343 /* ViewController.swift */ = {isa = PBXFileReference; lastKnownFileType = sourcecode.swift; path = ViewController.swift; sourceTree = "<group>"; };
		630183D7248BB89F00127343 /* Base */ = {isa = PBXFileReference; lastKnownFileType = file.storyboard; name = Base; path = Base.lproj/Main.storyboard; sourceTree = "<group>"; };
		630183D9248BB8A000127343 /* Assets.xcassets */ = {isa = PBXFileReference; lastKnownFileType = folder.assetcatalog; path = Assets.xcassets; sourceTree = "<group>"; };
		630183DC248BB8A000127343 /* Base */ = {isa = PBXFileReference; lastKnownFileType = file.storyboard; name = Base; path = Base.lproj/LaunchScreen.storyboard; sourceTree = "<group>"; };
		630183DE248BB8A000127343 /* Info.plist */ = {isa = PBXFileReference; lastKnownFileType = text.plist.xml; path = Info.plist; sourceTree = "<group>"; };
		63C61D76248CC3F0003EBE29 /* CustomButton.swift */ = {isa = PBXFileReference; lastKnownFileType = sourcecode.swift; path = CustomButton.swift; sourceTree = "<group>"; };
		63E5BA1D248BD0E4004FC3CA /* screenshot.png */ = {isa = PBXFileReference; lastKnownFileType = image.png; path = screenshot.png; sourceTree = "<group>"; };
/* End PBXFileReference section */

/* Begin PBXFrameworksBuildPhase section */
		630183CA248BB89F00127343 /* Frameworks */ = {
			isa = PBXFrameworksBuildPhase;
			buildActionMask = 2147483647;
			files = (
			);
			runOnlyForDeploymentPostprocessing = 0;
		};
/* End PBXFrameworksBuildPhase section */

/* Begin PBXGroup section */
		630183C4248BB89F00127343 = {
			isa = PBXGroup;
			children = (
				630183CF248BB89F00127343 /* NSLayout */,
				630183CE248BB89F00127343 /* Products */,
			);
			sourceTree = "<group>";
		};
		630183CE248BB89F00127343 /* Products */ = {
			isa = PBXGroup;
			children = (
				630183CD248BB89F00127343 /* NSLayout.app */,
			);
			name = Products;
			sourceTree = "<group>";
		};
		630183CF248BB89F00127343 /* NSLayout */ = {
			isa = PBXGroup;
			children = (
				63E5BA1C248BD0C2004FC3CA /* Image */,
				630183E6248BB94800127343 /* Model */,
				630183E5248BB94200127343 /* View */,
				630183E4248BB93900127343 /* Controller */,
				630183D0248BB89F00127343 /* AppDelegate.swift */,
				630183D2248BB89F00127343 /* SceneDelegate.swift */,
				630183D9248BB8A000127343 /* Assets.xcassets */,
				630183DB248BB8A000127343 /* LaunchScreen.storyboard */,
				630183DE248BB8A000127343 /* Info.plist */,
			);
			path = NSLayout;
			sourceTree = "<group>";
		};
		630183E4248BB93900127343 /* Controller */ = {
			isa = PBXGroup;
			children = (
				630183D4248BB89F00127343 /* ViewController.swift */,
			);
			path = Controller;
			sourceTree = "<group>";
		};
		630183E5248BB94200127343 /* View */ = {
			isa = PBXGroup;
			children = (
				630183D6248BB89F00127343 /* Main.storyboard */,
			);
			path = View;
			sourceTree = "<group>";
		};
		630183E6248BB94800127343 /* Model */ = {
			isa = PBXGroup;
			children = (
				63C61D76248CC3F0003EBE29 /* CustomButton.swift */,
			);
			path = Model;
			sourceTree = "<group>";
		};
		63E5BA1C248BD0C2004FC3CA /* Image */ = {
			isa = PBXGroup;
			children = (
				63E5BA1D248BD0E4004FC3CA /* screenshot.png */,
			);
			path = Image;
			sourceTree = "<group>";
		};
/* End PBXGroup section */

/* Begin PBXNativeTarget section */
		630183CC248BB89F00127343 /* NSLayout */ = {
			isa = PBXNativeTarget;
			buildConfigurationList = 630183E1248BB8A000127343 /* Build configuration list for PBXNativeTarget "NSLayout" */;
			buildPhases = (
				630183C9248BB89F00127343 /* Sources */,
				630183CA248BB89F00127343 /* Frameworks */,
				630183CB248BB89F00127343 /* Resources */,
			);
			buildRules = (
			);
			dependencies = (
			);
			name = NSLayout;
			productName = NSLayout;
			productReference = 630183CD248BB89F00127343 /* NSLayout.app */;
			productType = "com.apple.product-type.application";
		};
/* End PBXNativeTarget section */

/* Begin PBXProject section */
		630183C5248BB89F00127343 /* Project object */ = {
			isa = PBXProject;
			attributes = {
				LastSwiftUpdateCheck = 1150;
				LastUpgradeCheck = 1150;
				ORGANIZATIONNAME = "Didier Delhaisse";
				TargetAttributes = {
					630183CC248BB89F00127343 = {
						CreatedOnToolsVersion = 11.5;
					};
				};
			};
			buildConfigurationList = 630183C8248BB89F00127343 /* Build configuration list for PBXProject "NSLayout" */;
			compatibilityVersion = "Xcode 9.3";
			developmentRegion = en;
			hasScannedForEncodings = 0;
			knownRegions = (
				en,
				Base,
			);
			mainGroup = 630183C4248BB89F00127343;
			productRefGroup = 630183CE248BB89F00127343 /* Products */;
			projectDirPath = "";
			projectRoot = "";
			targets = (
				630183CC248BB89F00127343 /* NSLayout */,
			);
		};
/* End PBXProject section */

/* Begin PBXResourcesBuildPhase section */
		630183CB248BB89F00127343 /* Resources */ = {
			isa = PBXResourcesBuildPhase;
			buildActionMask = 2147483647;
			files = (
				630183DD248BB8A000127343 /* LaunchScreen.storyboard in Resources */,
				630183DA248BB8A000127343 /* Assets.xcassets in Resources */,
				630183D8248BB89F00127343 /* Main.storyboard in Resources */,
				63E5BA1E248BD0E4004FC3CA /* screenshot.png in Resources */,
			);
			runOnlyForDeploymentPostprocessing = 0;
		};
/* End PBXResourcesBuildPhase section */

/* Begin PBXSourcesBuildPhase section */
		630183C9248BB89F00127343 /* Sources */ = {
			isa = PBXSourcesBuildPhase;
			buildActionMask = 2147483647;
			files = (
				63C61D77248CC3F0003EBE29 /* CustomButton.swift in Sources */,
				630183D5248BB89F00127343 /* ViewController.swift in Sources */,
				630183D1248BB89F00127343 /* AppDelegate.swift in Sources */,
				630183D3248BB89F00127343 /* SceneDelegate.swift in Sources */,
			);
			runOnlyForDeploymentPostprocessing = 0;
		};
/* End PBXSourcesBuildPhase section */

/* Begin PBXVariantGroup section */
		630183D6248BB89F00127343 /* Main.storyboard */ = {
			isa = PBXVariantGroup;
			children = (
				630183D7248BB89F00127343 /* Base */,
			);
			name = Main.storyboard;
			sourceTree = "<group>";
		};
		630183DB248BB8A000127343 /* LaunchScreen.storyboard */ = {
			isa = PBXVariantGroup;
			children = (
				630183DC248BB8A000127343 /* Base */,
			);
			name = LaunchScreen.storyboard;
			sourceTree = "<group>";
		};
/* End PBXVariantGroup section */

/* Begin XCBuildConfiguration section */
		630183DF248BB8A000127343 /* Debug */ = {
			isa = XCBuildConfiguration;
			buildSettings = {
				ALWAYS_SEARCH_USER_PATHS = NO;
				CLANG_ANALYZER_NONNULL = YES;
				CLANG_ANALYZER_NUMBER_OBJECT_CONVERSION = YES_AGGRESSIVE;
				CLANG_CXX_LANGUAGE_STANDARD = "gnu++14";
				CLANG_CXX_LIBRARY = "libc++";
				CLANG_ENABLE_MODULES = YES;
				CLANG_ENABLE_OBJC_ARC = YES;
				CLANG_ENABLE_OBJC_WEAK = YES;
				CLANG_WARN_BLOCK_CAPTURE_AUTORELEASING = YES;
				CLANG_WARN_BOOL_CONVERSION = YES;
				CLANG_WARN_COMMA = YES;
				CLANG_WARN_CONSTANT_CONVERSION = YES;
				CLANG_WARN_DEPRECATED_OBJC_IMPLEMENTATIONS = YES;
				CLANG_WARN_DIRECT_OBJC_ISA_USAGE = YES_ERROR;
				CLANG_WARN_DOCUMENTATION_COMMENTS = YES;
				CLANG_WARN_EMPTY_BODY = YES;
				CLANG_WARN_ENUM_CONVERSION = YES;
				CLANG_WARN_INFINITE_RECURSION = YES;
				CLANG_WARN_INT_CONVERSION = YES;
				CLANG_WARN_NON_LITERAL_NULL_CONVERSION = YES;
				CLANG_WARN_OBJC_IMPLICIT_RETAIN_SELF = YES;
				CLANG_WARN_OBJC_LITERAL_CONVERSION = YES;
				CLANG_WARN_OBJC_ROOT_CLASS = YES_ERROR;
				CLANG_WARN_RANGE_LOOP_ANALYSIS = YES;
				CLANG_WARN_STRICT_PROTOTYPES = YES;
				CLANG_WARN_SUSPICIOUS_MOVE = YES;
				CLANG_WARN_UNGUARDED_AVAILABILITY = YES_AGGRESSIVE;
				CLANG_WARN_UNREACHABLE_CODE = YES;
				CLANG_WARN__DUPLICATE_METHOD_MATCH = YES;
				COPY_PHASE_STRIP = NO;
				DEBUG_INFORMATION_FORMAT = dwarf;
				ENABLE_STRICT_OBJC_MSGSEND = YES;
				ENABLE_TESTABILITY = YES;
				GCC_C_LANGUAGE_STANDARD = gnu11;
				GCC_DYNAMIC_NO_PIC = NO;
				GCC_NO_COMMON_BLOCKS = YES;
				GCC_OPTIMIZATION_LEVEL = 0;
				GCC_PREPROCESSOR_DEFINITIONS = (
					"DEBUG=1",
					"$(inherited)",
				);
				GCC_WARN_64_TO_32_BIT_CONVERSION = YES;
				GCC_WARN_ABOUT_RETURN_TYPE = YES_ERROR;
				GCC_WARN_UNDECLARED_SELECTOR = YES;
				GCC_WARN_UNINITIALIZED_AUTOS = YES_AGGRESSIVE;
				GCC_WARN_UNUSED_FUNCTION = YES;
				GCC_WARN_UNUSED_VARIABLE = YES;
				IPHONEOS_DEPLOYMENT_TARGET = 13.5;
				MTL_ENABLE_DEBUG_INFO = INCLUDE_SOURCE;
				MTL_FAST_MATH = YES;
				ONLY_ACTIVE_ARCH = YES;
				SDKROOT = iphoneos;
				SWIFT_ACTIVE_COMPILATION_CONDITIONS = DEBUG;
				SWIFT_OPTIMIZATION_LEVEL = "-Onone";
			};
			name = Debug;
		};
		630183E0248BB8A000127343 /* Release */ = {
			isa = XCBuildConfiguration;
			buildSettings = {
				ALWAYS_SEARCH_USER_PATHS = NO;
				CLANG_ANALYZER_NONNULL = YES;
				CLANG_ANALYZER_NUMBER_OBJECT_CONVERSION = YES_AGGRESSIVE;
				CLANG_CXX_LANGUAGE_STANDARD = "gnu++14";
				CLANG_CXX_LIBRARY = "libc++";
				CLANG_ENABLE_MODULES = YES;
				CLANG_ENABLE_OBJC_ARC = YES;
				CLANG_ENABLE_OBJC_WEAK = YES;
				CLANG_WARN_BLOCK_CAPTURE_AUTORELEASING = YES;
				CLANG_WARN_BOOL_CONVERSION = YES;
				CLANG_WARN_COMMA = YES;
				CLANG_WARN_CONSTANT_CONVERSION = YES;
				CLANG_WARN_DEPRECATED_OBJC_IMPLEMENTATIONS = YES;
				CLANG_WARN_DIRECT_OBJC_ISA_USAGE = YES_ERROR;
				CLANG_WARN_DOCUMENTATION_COMMENTS = YES;
				CLANG_WARN_EMPTY_BODY = YES;
				CLANG_WARN_ENUM_CONVERSION = YES;
				CLANG_WARN_INFINITE_RECURSION = YES;
				CLANG_WARN_INT_CONVERSION = YES;
				CLANG_WARN_NON_LITERAL_NULL_CONVERSION = YES;
				CLANG_WARN_OBJC_IMPLICIT_RETAIN_SELF = YES;
				CLANG_WARN_OBJC_LITERAL_CONVERSION = YES;
				CLANG_WARN_OBJC_ROOT_CLASS = YES_ERROR;
				CLANG_WARN_RANGE_LOOP_ANALYSIS = YES;
				CLANG_WARN_STRICT_PROTOTYPES = YES;
				CLANG_WARN_SUSPICIOUS_MOVE = YES;
				CLANG_WARN_UNGUARDED_AVAILABILITY = YES_AGGRESSIVE;
				CLANG_WARN_UNREACHABLE_CODE = YES;
				CLANG_WARN__DUPLICATE_METHOD_MATCH = YES;
				COPY_PHASE_STRIP = NO;
				DEBUG_INFORMATION_FORMAT = "dwarf-with-dsym";
				ENABLE_NS_ASSERTIONS = NO;
				ENABLE_STRICT_OBJC_MSGSEND = YES;
				GCC_C_LANGUAGE_STANDARD = gnu11;
				GCC_NO_COMMON_BLOCKS = YES;
				GCC_WARN_64_TO_32_BIT_CONVERSION = YES;
				GCC_WARN_ABOUT_RETURN_TYPE = YES_ERROR;
				GCC_WARN_UNDECLARED_SELECTOR = YES;
				GCC_WARN_UNINITIALIZED_AUTOS = YES_AGGRESSIVE;
				GCC_WARN_UNUSED_FUNCTION = YES;
				GCC_WARN_UNUSED_VARIABLE = YES;
				IPHONEOS_DEPLOYMENT_TARGET = 13.5;
				MTL_ENABLE_DEBUG_INFO = NO;
				MTL_FAST_MATH = YES;
				SDKROOT = iphoneos;
				SWIFT_COMPILATION_MODE = wholemodule;
				SWIFT_OPTIMIZATION_LEVEL = "-O";
				VALIDATE_PRODUCT = YES;
			};
			name = Release;
		};
		630183E2248BB8A000127343 /* Debug */ = {
			isa = XCBuildConfiguration;
			buildSettings = {
				ASSETCATALOG_COMPILER_APPICON_NAME = AppIcon;
				CODE_SIGN_STYLE = Automatic;
				DEVELOPMENT_TEAM = "";
				INFOPLIST_FILE = NSLayout/Info.plist;
				IPHONEOS_DEPLOYMENT_TARGET = 12.4;
				LD_RUNPATH_SEARCH_PATHS = (
					"$(inherited)",
					"@executable_path/Frameworks",
				);
				PRODUCT_NAME = "$(TARGET_NAME)";
				SWIFT_VERSION = 5.0;
				TARGETED_DEVICE_FAMILY = "1,2";
			};
			name = Debug;
		};
		630183E3248BB8A000127343 /* Release */ = {
			isa = XCBuildConfiguration;
			buildSettings = {
				ASSETCATALOG_COMPILER_APPICON_NAME = AppIcon;
				CODE_SIGN_STYLE = Automatic;
				DEVELOPMENT_TEAM = "";
				INFOPLIST_FILE = NSLayout/Info.plist;
				IPHONEOS_DEPLOYMENT_TARGET = 12.4;
				LD_RUNPATH_SEARCH_PATHS = (
					"$(inherited)",
					"@executable_path/Frameworks",
				);
				PRODUCT_NAME = "$(TARGET_NAME)";
				SWIFT_VERSION = 5.0;
				TARGETED_DEVICE_FAMILY = "1,2";
			};
			name = Release;
		};
/* End XCBuildConfiguration section */

/* Begin XCConfigurationList section */
		630183C8248BB89F00127343 /* Build configuration list for PBXProject "NSLayout" */ = {
			isa = XCConfigurationList;
			buildConfigurations = (
				630183DF248BB8A000127343 /* Debug */,
				630183E0248BB8A000127343 /* Release */,
			);
			defaultConfigurationIsVisible = 0;
			defaultConfigurationName = Release;
		};
		630183E1248BB8A000127343 /* Build configuration list for PBXNativeTarget "NSLayout" */ = {
			isa = XCConfigurationList;
			buildConfigurations = (
				630183E2248BB8A000127343 /* Debug */,
				630183E3248BB8A000127343 /* Release */,
			);
			defaultConfigurationIsVisible = 0;
			defaultConfigurationName = Release;
		};
/* End XCConfigurationList section */
	};
	rootObject = 630183C5248BB89F00127343 /* Project object */;
}
